
Microsoft Visual Studio Solution File, Format Version 12.00
# Visual Studio Version 17
VisualStudioVersion = 17.2.32602.215
MinimumVisualStudioVersion = 10.0.40219.1
Project("{9A19103F-16F7-4668-BE54-9A1E7A4F7556}") = "JazzJune.Web.Client", "JazzJune.Web.Client\JazzJune.Web.Client.csproj", "{B14552BF-6653-40D4-81AE-CEEF52C3EF3A}"
EndProject
Project("{9A19103F-16F7-4668-BE54-9A1E7A4F7556}") = "JazzJune.Web.Data", "JazzJune.Web.Data\JazzJune.Web.Data.csproj", "{21C2CBEF-E569-4FF8-9EAC-94FB5A0823D6}"
EndProject
Global
	GlobalSection(SolutionConfigurationPlatforms) = preSolution
		Debug|Any CPU = Debug|Any CPU
		Release|Any CPU = Release|Any CPU
	EndGlobalSection
	GlobalSection(ProjectConfigurationPlatforms) = postSolution
		{B14552BF-6653-40D4-81AE-CEEF52C3EF3A}.Debug|Any CPU.ActiveCfg = Debug|Any CPU
		{B14552BF-6653-40D4-81AE-CEEF52C3EF3A}.Debug|Any CPU.Build.0 = Debug|Any CPU
		{B14552BF-6653-40D4-81AE-CEEF52C3EF3A}.Release|Any CPU.ActiveCfg = Release|Any CPU
		{B14552BF-6653-40D4-81AE-CEEF52C3EF3A}.Release|Any CPU.Build.0 = Release|Any CPU
		{21C2CBEF-E569-4FF8-9EAC-94FB5A0823D6}.Debug|Any CPU.ActiveCfg = Debug|Any CPU
		{21C2CBEF-E569-4FF8-9EAC-94FB5A0823D6}.Debug|Any CPU.Build.0 = Debug|Any CPU
		{21C2CBEF-E569-4FF8-9EAC-94FB5A0823D6}.Release|Any CPU.ActiveCfg = Release|Any CPU
		{21C2CBEF-E569-4FF8-9EAC-94FB5A0823D6}.Release|Any CPU.Build.0 = Release|Any CPU
	EndGlobalSection
	GlobalSection(SolutionProperties) = preSolution
		HideSolutionNode = FALSE
	EndGlobalSection
	GlobalSection(ExtensibilityGlobals) = postSolution
		SolutionGuid = {6CB45828-7DE2-47B9-BC2F-6D0FB02481FB}
	EndGlobalSection
EndGlobal
